// !$*UTF8*$!
{
	archiveVersion = 1;
	classes = {
	};
	objectVersion = 56;
	objects = {

/* Begin PBXBuildFile section */
		29811D9829A7C50500B2116E /* AppDelegate.swift in Sources */ = {isa = PBXBuildFile; fileRef = 29811D9729A7C50500B2116E /* AppDelegate.swift */; };
		29811D9A29A7C50500B2116E /* SceneDelegate.swift in Sources */ = {isa = PBXBuildFile; fileRef = 29811D9929A7C50500B2116E /* SceneDelegate.swift */; };
		29811D9C29A7C50500B2116E /* ViewController.swift in Sources */ = {isa = PBXBuildFile; fileRef = 29811D9B29A7C50500B2116E /* ViewController.swift */; };
		29811D9F29A7C50500B2116E /* Main.storyboard in Resources */ = {isa = PBXBuildFile; fileRef = 29811D9D29A7C50500B2116E /* Main.storyboard */; };
		29811DA129A7C50700B2116E /* Assets.xcassets in Resources */ = {isa = PBXBuildFile; fileRef = 29811DA029A7C50700B2116E /* Assets.xcassets */; };
		29811DA429A7C50700B2116E /* LaunchScreen.storyboard in Resources */ = {isa = PBXBuildFile; fileRef = 29811DA229A7C50700B2116E /* LaunchScreen.storyboard */; };
		29811DAC29A7CC8900B2116E /* Constants.swift in Sources */ = {isa = PBXBuildFile; fileRef = 29811DAB29A7CC8900B2116E /* Constants.swift */; };
		29811DB229A7CE3700B2116E /* Movie.swift in Sources */ = {isa = PBXBuildFile; fileRef = 29811DB129A7CE3700B2116E /* Movie.swift */; };
		29811DB529A7D04200B2116E /* MovieController.swift in Sources */ = {isa = PBXBuildFile; fileRef = 29811DB429A7D04200B2116E /* MovieController.swift */; };
/* End PBXBuildFile section */

/* Begin PBXFileReference section */
		29811D9429A7C50500B2116E /* MovieFetch.app */ = {isa = PBXFileReference; explicitFileType = wrapper.application; includeInIndex = 0; path = MovieFetch.app; sourceTree = BUILT_PRODUCTS_DIR; };
		29811D9729A7C50500B2116E /* AppDelegate.swift */ = {isa = PBXFileReference; lastKnownFileType = sourcecode.swift; path = AppDelegate.swift; sourceTree = "<group>"; };
		29811D9929A7C50500B2116E /* SceneDelegate.swift */ = {isa = PBXFileReference; lastKnownFileType = sourcecode.swift; path = SceneDelegate.swift; sourceTree = "<group>"; };
		29811D9B29A7C50500B2116E /* ViewController.swift */ = {isa = PBXFileReference; lastKnownFileType = sourcecode.swift; path = ViewController.swift; sourceTree = "<group>"; };
		29811D9E29A7C50500B2116E /* Base */ = {isa = PBXFileReference; lastKnownFileType = file.storyboard; name = Base; path = Base.lproj/Main.storyboard; sourceTree = "<group>"; };
		29811DA029A7C50700B2116E /* Assets.xcassets */ = {isa = PBXFileReference; lastKnownFileType = folder.assetcatalog; path = Assets.xcassets; sourceTree = "<group>"; };
		29811DA329A7C50700B2116E /* Base */ = {isa = PBXFileReference; lastKnownFileType = file.storyboard; name = Base; path = Base.lproj/LaunchScreen.storyboard; sourceTree = "<group>"; };
		29811DA529A7C50700B2116E /* Info.plist */ = {isa = PBXFileReference; lastKnownFileType = text.plist.xml; path = Info.plist; sourceTree = "<group>"; };
		29811DAB29A7CC8900B2116E /* Constants.swift */ = {isa = PBXFileReference; lastKnownFileType = sourcecode.swift; path = Constants.swift; sourceTree = "<group>"; };
		29811DB129A7CE3700B2116E /* Movie.swift */ = {isa = PBXFileReference; lastKnownFileType = sourcecode.swift; path = Movie.swift; sourceTree = "<group>"; };
		29811DB429A7D04200B2116E /* MovieController.swift */ = {isa = PBXFileReference; lastKnownFileType = sourcecode.swift; path = MovieController.swift; sourceTree = SOURCE_ROOT; };
/* End PBXFileReference section */

/* Begin PBXFrameworksBuildPhase section */
		29811D9129A7C50500B2116E /* Frameworks */ = {
			isa = PBXFrameworksBuildPhase;
			buildActionMask = 2147483647;
			files = (
			);
			runOnlyForDeploymentPostprocessing = 0;
		};
/* End PBXFrameworksBuildPhase section */

/* Begin PBXGroup section */
		29811D8B29A7C50500B2116E = {
			isa = PBXGroup;
			children = (
				29811D9629A7C50500B2116E /* MovieFetch */,
				29811D9529A7C50500B2116E /* Products */,
			);
			sourceTree = "<group>";
		};
		29811D9529A7C50500B2116E /* Products */ = {
			isa = PBXGroup;
			children = (
				29811D9429A7C50500B2116E /* MovieFetch.app */,
			);
			name = Products;
			sourceTree = "<group>";
		};
		29811D9629A7C50500B2116E /* MovieFetch */ = {
			isa = PBXGroup;
			children = (
				29811DB029A7CE2A00B2116E /* Model */,
				29811DB329A7D02200B2116E /* Model Controller */,
				29811DAE29A7CE0B00B2116E /* Storyboards */,
				29811DAF29A7CE2000B2116E /* View Controllers */,
				29811DAD29A7CDD700B2116E /* Supporting Files */,
			);
			path = MovieFetch;
			sourceTree = "<group>";
		};
		29811DAD29A7CDD700B2116E /* Supporting Files */ = {
			isa = PBXGroup;
			children = (
				29811D9729A7C50500B2116E /* AppDelegate.swift */,
				29811D9929A7C50500B2116E /* SceneDelegate.swift */,
				29811DA029A7C50700B2116E /* Assets.xcassets */,
				29811DA529A7C50700B2116E /* Info.plist */,
				29811DAB29A7CC8900B2116E /* Constants.swift */,
			);
			path = "Supporting Files";
			sourceTree = "<group>";
		};
		29811DAE29A7CE0B00B2116E /* Storyboards */ = {
			isa = PBXGroup;
			children = (
				29811D9D29A7C50500B2116E /* Main.storyboard */,
				29811DA229A7C50700B2116E /* LaunchScreen.storyboard */,
			);
			path = Storyboards;
			sourceTree = "<group>";
		};
		29811DAF29A7CE2000B2116E /* View Controllers */ = {
			isa = PBXGroup;
			children = (
				29811D9B29A7C50500B2116E /* ViewController.swift */,
			);
			path = "View Controllers";
			sourceTree = "<group>";
		};
		29811DB029A7CE2A00B2116E /* Model */ = {
			isa = PBXGroup;
			children = (
				29811DB129A7CE3700B2116E /* Movie.swift */,
			);
			path = Model;
			sourceTree = "<group>";
		};
		29811DB329A7D02200B2116E /* Model Controller */ = {
			isa = PBXGroup;
			children = (
				29811DB429A7D04200B2116E /* MovieController.swift */,
			);
			path = "Model Controller";
			sourceTree = "<group>";
		};
/* End PBXGroup section */

/* Begin PBXNativeTarget section */
		29811D9329A7C50500B2116E /* MovieFetch */ = {
			isa = PBXNativeTarget;
			buildConfigurationList = 29811DA829A7C50700B2116E /* Build configuration list for PBXNativeTarget "MovieFetch" */;
			buildPhases = (
				29811D9029A7C50500B2116E /* Sources */,
				29811D9129A7C50500B2116E /* Frameworks */,
				29811D9229A7C50500B2116E /* Resources */,
			);
			buildRules = (
			);
			dependencies = (
			);
			name = MovieFetch;
			productName = MovieFetch;
			productReference = 29811D9429A7C50500B2116E /* MovieFetch.app */;
			productType = "com.apple.product-type.application";
		};
/* End PBXNativeTarget section */

/* Begin PBXProject section */
		29811D8C29A7C50500B2116E /* Project object */ = {
			isa = PBXProject;
			attributes = {
				BuildIndependentTargetsInParallel = 1;
				LastSwiftUpdateCheck = 1420;
				LastUpgradeCheck = 1420;
				TargetAttributes = {
					29811D9329A7C50500B2116E = {
						CreatedOnToolsVersion = 14.2;
					};
				};
			};
			buildConfigurationList = 29811D8F29A7C50500B2116E /* Build configuration list for PBXProject "MovieFetch" */;
			compatibilityVersion = "Xcode 14.0";
			developmentRegion = en;
			hasScannedForEncodings = 0;
			knownRegions = (
				en,
				Base,
			);
			mainGroup = 29811D8B29A7C50500B2116E;
			productRefGroup = 29811D9529A7C50500B2116E /* Products */;
			projectDirPath = "";
			projectRoot = "";
			targets = (
				29811D9329A7C50500B2116E /* MovieFetch */,
			);
		};
/* End PBXProject section */

/* Begin PBXResourcesBuildPhase section */
		29811D9229A7C50500B2116E /* Resources */ = {
			isa = PBXResourcesBuildPhase;
			buildActionMask = 2147483647;
			files = (
				29811DA429A7C50700B2116E /* LaunchScreen.storyboard in Resources */,
				29811DA129A7C50700B2116E /* Assets.xcassets in Resources */,
				29811D9F29A7C50500B2116E /* Main.storyboard in Resources */,
			);
			runOnlyForDeploymentPostprocessing = 0;
		};
/* End PBXResourcesBuildPhase section */

/* Begin PBXSourcesBuildPhase section */
		29811D9029A7C50500B2116E /* Sources */ = {
			isa = PBXSourcesBuildPhase;
			buildActionMask = 2147483647;
			files = (
				29811DB529A7D04200B2116E /* MovieController.swift in Sources */,
				29811D9C29A7C50500B2116E /* ViewController.swift in Sources */,
				29811D9829A7C50500B2116E /* AppDelegate.swift in Sources */,
				29811D9A29A7C50500B2116E /* SceneDelegate.swift in Sources */,
				29811DAC29A7CC8900B2116E /* Constants.swift in Sources */,
				29811DB229A7CE3700B2116E /* Movie.swift in Sources */,
			);
			runOnlyForDeploymentPostprocessing = 0;
		};
/* End PBXSourcesBuildPhase section */

/* Begin PBXVariantGroup section */
		29811D9D29A7C50500B2116E /* Main.storyboard */ = {
			isa = PBXVariantGroup;
			children = (
				29811D9E29A7C50500B2116E /* Base */,
			);
			name = Main.storyboard;
			sourceTree = "<group>";
		};
		29811DA229A7C50700B2116E /* LaunchScreen.storyboard */ = {
			isa = PBXVariantGroup;
			children = (
				29811DA329A7C50700B2116E /* Base */,
			);
			name = LaunchScreen.storyboard;
			sourceTree = "<group>";
		};
/* End PBXVariantGroup section */

/* Begin XCBuildConfiguration section */
		29811DA629A7C50700B2116E /* Debug */ = {
			isa = XCBuildConfiguration;
			buildSettings = {
				ALWAYS_SEARCH_USER_PATHS = NO;
				CLANG_ANALYZER_NONNULL = YES;
				CLANG_ANALYZER_NUMBER_OBJECT_CONVERSION = YES_AGGRESSIVE;
				CLANG_CXX_LANGUAGE_STANDARD = "gnu++20";
				CLANG_ENABLE_MODULES = YES;
				CLANG_ENABLE_OBJC_ARC = YES;
				CLANG_ENABLE_OBJC_WEAK = YES;
				CLANG_WARN_BLOCK_CAPTURE_AUTORELEASING = YES;
				CLANG_WARN_BOOL_CONVERSION = YES;
				CLANG_WARN_COMMA = YES;
				CLANG_WARN_CONSTANT_CONVERSION = YES;
				CLANG_WARN_DEPRECATED_OBJC_IMPLEMENTATIONS = YES;
				CLANG_WARN_DIRECT_OBJC_ISA_USAGE = YES_ERROR;
				CLANG_WARN_DOCUMENTATION_COMMENTS = YES;
				CLANG_WARN_EMPTY_BODY = YES;
				CLANG_WARN_ENUM_CONVERSION = YES;
				CLANG_WARN_INFINITE_RECURSION = YES;
				CLANG_WARN_INT_CONVERSION = YES;
				CLANG_WARN_NON_LITERAL_NULL_CONVERSION = YES;
				CLANG_WARN_OBJC_IMPLICIT_RETAIN_SELF = YES;
				CLANG_WARN_OBJC_LITERAL_CONVERSION = YES;
				CLANG_WARN_OBJC_ROOT_CLASS = YES_ERROR;
				CLANG_WARN_QUOTED_INCLUDE_IN_FRAMEWORK_HEADER = YES;
				CLANG_WARN_RANGE_LOOP_ANALYSIS = YES;
				CLANG_WARN_STRICT_PROTOTYPES = YES;
				CLANG_WARN_SUSPICIOUS_MOVE = YES;
				CLANG_WARN_UNGUARDED_AVAILABILITY = YES_AGGRESSIVE;
				CLANG_WARN_UNREACHABLE_CODE = YES;
				CLANG_WARN__DUPLICATE_METHOD_MATCH = YES;
				COPY_PHASE_STRIP = NO;
				DEBUG_INFORMATION_FORMAT = dwarf;
				ENABLE_STRICT_OBJC_MSGSEND = YES;
				ENABLE_TESTABILITY = YES;
				GCC_C_LANGUAGE_STANDARD = gnu11;
				GCC_DYNAMIC_NO_PIC = NO;
				GCC_NO_COMMON_BLOCKS = YES;
				GCC_OPTIMIZATION_LEVEL = 0;
				GCC_PREPROCESSOR_DEFINITIONS = (
					"DEBUG=1",
					"$(inherited)",
				);
				GCC_WARN_64_TO_32_BIT_CONVERSION = YES;
				GCC_WARN_ABOUT_RETURN_TYPE = YES_ERROR;
				GCC_WARN_UNDECLARED_SELECTOR = YES;
				GCC_WARN_UNINITIALIZED_AUTOS = YES_AGGRESSIVE;
				GCC_WARN_UNUSED_FUNCTION = YES;
				GCC_WARN_UNUSED_VARIABLE = YES;
				IPHONEOS_DEPLOYMENT_TARGET = 16.2;
				MTL_ENABLE_DEBUG_INFO = INCLUDE_SOURCE;
				MTL_FAST_MATH = YES;
				ONLY_ACTIVE_ARCH = YES;
				SDKROOT = iphoneos;
				SWIFT_ACTIVE_COMPILATION_CONDITIONS = DEBUG;
				SWIFT_OPTIMIZATION_LEVEL = "-Onone";
			};
			name = Debug;
		};
		29811DA729A7C50700B2116E /* Release */ = {
			isa = XCBuildConfiguration;
			buildSettings = {
				ALWAYS_SEARCH_USER_PATHS = NO;
				CLANG_ANALYZER_NONNULL = YES;
				CLANG_ANALYZER_NUMBER_OBJECT_CONVERSION = YES_AGGRESSIVE;
				CLANG_CXX_LANGUAGE_STANDARD = "gnu++20";
				CLANG_ENABLE_MODULES = YES;
				CLANG_ENABLE_OBJC_ARC = YES;
				CLANG_ENABLE_OBJC_WEAK = YES;
				CLANG_WARN_BLOCK_CAPTURE_AUTORELEASING = YES;
				CLANG_WARN_BOOL_CONVERSION = YES;
				CLANG_WARN_COMMA = YES;
				CLANG_WARN_CONSTANT_CONVERSION = YES;
				CLANG_WARN_DEPRECATED_OBJC_IMPLEMENTATIONS = YES;
				CLANG_WARN_DIRECT_OBJC_ISA_USAGE = YES_ERROR;
				CLANG_WARN_DOCUMENTATION_COMMENTS = YES;
				CLANG_WARN_EMPTY_BODY = YES;
				CLANG_WARN_ENUM_CONVERSION = YES;
				CLANG_WARN_INFINITE_RECURSION = YES;
				CLANG_WARN_INT_CONVERSION = YES;
				CLANG_WARN_NON_LITERAL_NULL_CONVERSION = YES;
				CLANG_WARN_OBJC_IMPLICIT_RETAIN_SELF = YES;
				CLANG_WARN_OBJC_LITERAL_CONVERSION = YES;
				CLANG_WARN_OBJC_ROOT_CLASS = YES_ERROR;
				CLANG_WARN_QUOTED_INCLUDE_IN_FRAMEWORK_HEADER = YES;
				CLANG_WARN_RANGE_LOOP_ANALYSIS = YES;
				CLANG_WARN_STRICT_PROTOTYPES = YES;
				CLANG_WARN_SUSPICIOUS_MOVE = YES;
				CLANG_WARN_UNGUARDED_AVAILABILITY = YES_AGGRESSIVE;
				CLANG_WARN_UNREACHABLE_CODE = YES;
				CLANG_WARN__DUPLICATE_METHOD_MATCH = YES;
				COPY_PHASE_STRIP = NO;
				DEBUG_INFORMATION_FORMAT = "dwarf-with-dsym";
				ENABLE_NS_ASSERTIONS = NO;
				ENABLE_STRICT_OBJC_MSGSEND = YES;
				GCC_C_LANGUAGE_STANDARD = gnu11;
				GCC_NO_COMMON_BLOCKS = YES;
				GCC_WARN_64_TO_32_BIT_CONVERSION = YES;
				GCC_WARN_ABOUT_RETURN_TYPE = YES_ERROR;
				GCC_WARN_UNDECLARED_SELECTOR = YES;
				GCC_WARN_UNINITIALIZED_AUTOS = YES_AGGRESSIVE;
				GCC_WARN_UNUSED_FUNCTION = YES;
				GCC_WARN_UNUSED_VARIABLE = YES;
				IPHONEOS_DEPLOYMENT_TARGET = 16.2;
				MTL_ENABLE_DEBUG_INFO = NO;
				MTL_FAST_MATH = YES;
				SDKROOT = iphoneos;
				SWIFT_COMPILATION_MODE = wholemodule;
				SWIFT_OPTIMIZATION_LEVEL = "-O";
				VALIDATE_PRODUCT = YES;
			};
			name = Release;
		};
		29811DA929A7C50700B2116E /* Debug */ = {
			isa = XCBuildConfiguration;
			buildSettings = {
				ASSETCATALOG_COMPILER_APPICON_NAME = AppIcon;
				ASSETCATALOG_COMPILER_GLOBAL_ACCENT_COLOR_NAME = AccentColor;
				CODE_SIGN_STYLE = Automatic;
				CURRENT_PROJECT_VERSION = 1;
				DEVELOPMENT_TEAM = W6HRJ6R6XG;
				GENERATE_INFOPLIST_FILE = YES;
				INFOPLIST_FILE = "MovieFetch/Supporting Files/Info.plist";
				INFOPLIST_KEY_UIApplicationSupportsIndirectInputEvents = YES;
				INFOPLIST_KEY_UILaunchStoryboardName = LaunchScreen;
				INFOPLIST_KEY_UIMainStoryboardFile = Main;
				INFOPLIST_KEY_UISupportedInterfaceOrientations_iPad = "UIInterfaceOrientationPortrait UIInterfaceOrientationPortraitUpsideDown UIInterfaceOrientationLandscapeLeft UIInterfaceOrientationLandscapeRight";
				INFOPLIST_KEY_UISupportedInterfaceOrientations_iPhone = "UIInterfaceOrientationPortrait UIInterfaceOrientationLandscapeLeft UIInterfaceOrientationLandscapeRight";
				LD_RUNPATH_SEARCH_PATHS = (
					"$(inherited)",
					"@executable_path/Frameworks",
				);
				MARKETING_VERSION = 1.0;
				PRODUCT_BUNDLE_IDENTIFIER = com.Studio314.MovieFetch;
				PRODUCT_NAME = "$(TARGET_NAME)";
				SWIFT_EMIT_LOC_STRINGS = YES;
				SWIFT_VERSION = 5.0;
				TARGETED_DEVICE_FAMILY = "1,2";
			};
			name = Debug;
		};
		29811DAA29A7C50700B2116E /* Release */ = {
			isa = XCBuildConfiguration;
			buildSettings = {
				ASSETCATALOG_COMPILER_APPICON_NAME = AppIcon;
				ASSETCATALOG_COMPILER_GLOBAL_ACCENT_COLOR_NAME = AccentColor;
				CODE_SIGN_STYLE = Automatic;
				CURRENT_PROJECT_VERSION = 1;
				DEVELOPMENT_TEAM = W6HRJ6R6XG;
				GENERATE_INFOPLIST_FILE = YES;
				INFOPLIST_FILE = "MovieFetch/Supporting Files/Info.plist";
				INFOPLIST_KEY_UIApplicationSupportsIndirectInputEvents = YES;
				INFOPLIST_KEY_UILaunchStoryboardName = LaunchScreen;
				INFOPLIST_KEY_UIMainStoryboardFile = Main;
				INFOPLIST_KEY_UISupportedInterfaceOrientations_iPad = "UIInterfaceOrientationPortrait UIInterfaceOrientationPortraitUpsideDown UIInterfaceOrientationLandscapeLeft UIInterfaceOrientationLandscapeRight";
				INFOPLIST_KEY_UISupportedInterfaceOrientations_iPhone = "UIInterfaceOrientationPortrait UIInterfaceOrientationLandscapeLeft UIInterfaceOrientationLandscapeRight";
				LD_RUNPATH_SEARCH_PATHS = (
					"$(inherited)",
					"@executable_path/Frameworks",
				);
				MARKETING_VERSION = 1.0;
				PRODUCT_BUNDLE_IDENTIFIER = com.Studio314.MovieFetch;
				PRODUCT_NAME = "$(TARGET_NAME)";
				SWIFT_EMIT_LOC_STRINGS = YES;
				SWIFT_VERSION = 5.0;
				TARGETED_DEVICE_FAMILY = "1,2";
			};
			name = Release;
		};
/* End XCBuildConfiguration section */

/* Begin XCConfigurationList section */
		29811D8F29A7C50500B2116E /* Build configuration list for PBXProject "MovieFetch" */ = {
			isa = XCConfigurationList;
			buildConfigurations = (
				29811DA629A7C50700B2116E /* Debug */,
				29811DA729A7C50700B2116E /* Release */,
			);
			defaultConfigurationIsVisible = 0;
			defaultConfigurationName = Release;
		};
		29811DA829A7C50700B2116E /* Build configuration list for PBXNativeTarget "MovieFetch" */ = {
			isa = XCConfigurationList;
			buildConfigurations = (
				29811DA929A7C50700B2116E /* Debug */,
				29811DAA29A7C50700B2116E /* Release */,
			);
			defaultConfigurationIsVisible = 0;
			defaultConfigurationName = Release;
		};
/* End XCConfigurationList section */
	};
	rootObject = 29811D8C29A7C50500B2116E /* Project object */;
}
